{
    "_readme": [
        "This file locks the dependencies of your project to a known state",
        "Read more about it at https://getcomposer.org/doc/01-basic-usage.md#installing-dependencies",
        "This file is @generated automatically"
    ],
    "content-hash": "22ccaf57c2fdb20621e6e25688efda74",
    "packages": [
        {
            "name": "srag/activerecordconfig",
            "version": "v0.19.6",
            "source": {
                "type": "git",
                "url": "https://github.com/studer-raimann/ActiveRecordConfig.git",
                "reference": "37c29f8f8f7e8972d5f42aabea133bff18388a18"
            },
            "dist": {
                "type": "zip",
                "url": "https://api.github.com/repos/studer-raimann/ActiveRecordConfig/zipball/37c29f8f8f7e8972d5f42aabea133bff18388a18",
                "reference": "37c29f8f8f7e8972d5f42aabea133bff18388a18",
                "shasum": ""
            },
            "require": {
                "php": ">=7.0",
                "srag/custominputguis": ">=0.1.0",
                "srag/dic": ">=0.1.0"
            },
            "type": "library",
            "autoload": {
                "psr-4": {
                    "srag\\ActiveRecordConfig\\HelpMe\\": "src/"
                }
            },
            "notification-url": "https://packagist.org/downloads/",
            "license": [
                "GPL-3.0-only"
            ],
            "authors": [
                {
                    "name": "studer + raimann ag - Team Custom 1",
                    "email": "support-custom1@studer-raimann.ch",
                    "homepage": "https://studer-raimann.ch",
                    "role": "Developer"
                }
            ],
            "description": "Simple ActiveRecord config for ILIAS plugins",
            "homepage": "https://github.com/studer-raimann/ActiveRecordConfig",
            "keywords": [
                "ILIAS",
                "activerecord",
                "config"
            ],
            "time": "2020-02-21T09:47:44+00:00"
        },
        {
            "name": "srag/custominputguis",
            "version": "v0.34.17",
            "source": {
                "type": "git",
                "url": "https://github.com/studer-raimann/CustomInputGUIs.git",
                "reference": "868b91ffda32408585ed826f93798b7960640cce"
            },
            "dist": {
                "type": "zip",
                "url": "https://api.github.com/repos/studer-raimann/CustomInputGUIs/zipball/868b91ffda32408585ed826f93798b7960640cce",
                "reference": "868b91ffda32408585ed826f93798b7960640cce",
                "shasum": ""
            },
            "require": {
                "php": ">=7.0",
                "srag/dic": ">=0.1.0"
            },
            "type": "library",
            "autoload": {
                "psr-4": {
                    "srag\\CustomInputGUIs\\": "src/"
                }
            },
            "notification-url": "https://packagist.org/downloads/",
            "license": [
                "GPL-3.0-only"
            ],
            "authors": [
                {
                    "name": "studer + raimann ag - Team Custom 1",
                    "email": "support-custom1@studer-raimann.ch",
                    "homepage": "https://studer-raimann.ch",
                    "role": "Developer"
                }
            ],
            "description": "Custom Input-GUI's",
            "homepage": "https://github.com/studer-raimann/CustomInputGUIs",
            "keywords": [
                "ILIAS",
                "PropertyForm",
                "gui",
                "input",
                "table"
            ],
            "time": "2020-05-26T07:21:09+00:00"
        },
        {
            "name": "srag/datatable",
            "version": "v0.28.4",
            "source": {
                "type": "git",
                "url": "https://github.com/studer-raimann/DataTableUI.git",
                "reference": "1b47239ef843696eb05f6500df96d625647fc63d"
            },
            "dist": {
                "type": "zip",
                "url": "https://api.github.com/repos/studer-raimann/DataTableUI/zipball/1b47239ef843696eb05f6500df96d625647fc63d",
                "reference": "1b47239ef843696eb05f6500df96d625647fc63d",
                "shasum": ""
            },
            "require": {
                "php": ">=7.2",
                "srag/custominputguis": ">=0.1.0",
                "srag/dic": ">=0.1.0"
            },
            "type": "library",
            "autoload": {
                "psr-4": {
                    "srag\\DataTableUI\\HelpMe\\": "src/"
                }
            },
            "notification-url": "https://packagist.org/downloads/",
            "license": [
                "GPL-3.0-only"
            ],
            "authors": [
                {
                    "name": "studer + raimann ag - Team Custom 1",
                    "email": "support-custom1@studer-raimann.ch",
                    "homepage": "https://studer-raimann.ch",
                    "role": "Developer"
                }
            ],
            "description": "ILIAS Data Table UI Component",
            "homepage": "https://github.com/studer-raimann/DataTableUI",
            "keywords": [
                "ILIAS",
                "table",
                "ui"
            ],
            "time": "2020-05-25T05:58:40+00:00"
        },
        {
            "name": "srag/dic",
            "version": "v0.24.0",
            "source": {
                "type": "git",
                "url": "https://github.com/studer-raimann/DIC.git",
                "reference": "f3560603a494b552ef1e99d362077f42c735c96f"
            },
            "dist": {
                "type": "zip",
                "url": "https://api.github.com/repos/studer-raimann/DIC/zipball/f3560603a494b552ef1e99d362077f42c735c96f",
                "reference": "f3560603a494b552ef1e99d362077f42c735c96f",
                "shasum": ""
            },
            "require": {
                "php": ">=7.0"
            },
            "type": "library",
            "autoload": {
                "psr-4": {
                    "srag\\DIC\\HelpMe\\": "src/"
                }
            },
            "notification-url": "https://packagist.org/downloads/",
            "license": [
                "GPL-3.0-only"
            ],
            "authors": [
                {
                    "name": "studer + raimann ag - Team Custom 1",
                    "email": "support-custom1@studer-raimann.ch",
                    "homepage": "https://studer-raimann.ch",
                    "role": "Developer"
                }
            ],
            "description": "Use all ILIAS globals in your class",
            "homepage": "https://github.com/studer-raimann/DIC",
            "keywords": [
                "ILIAS",
                "dic",
                "globals",
                "trait"
            ],
            "time": "2020-05-25T08:51:46+00:00"
        },
        {
            "name": "srag/jiracurl",
            "version": "v0.8.4",
            "source": {
                "type": "git",
                "url": "https://github.com/studer-raimann/JiraCurl.git",
                "reference": "6261c4319ddc21929a917994794b8d55b72d3cfe"
            },
            "dist": {
                "type": "zip",
                "url": "https://api.github.com/repos/studer-raimann/JiraCurl/zipball/6261c4319ddc21929a917994794b8d55b72d3cfe",
                "reference": "6261c4319ddc21929a917994794b8d55b72d3cfe",
                "shasum": ""
            },
            "require": {
                "php": ">=7.0",
                "srag/dic": ">=0.1.0"
            },
            "type": "library",
            "autoload": {
                "psr-4": {
                    "srag\\JiraCurl\\HelpMe\\": "src/"
                }
            },
            "notification-url": "https://packagist.org/downloads/",
            "license": [
                "GPL-3.0-only"
            ],
            "authors": [
                {
                    "name": "studer + raimann ag - Team Custom 1",
                    "email": "support-custom1@studer-raimann.ch",
                    "homepage": "https://studer-raimann.ch",
                    "role": "Developer"
                }
            ],
            "description": "Connect to Jira via Curl",
            "homepage": "https://github.com/studer-raimann/JiraCurl",
            "keywords": [
                "ILIAS",
                "curl",
                "jira"
            ],
            "time": "2020-05-13T05:58:01+00:00"
        },
        {
            "name": "srag/librariesnamespacechanger",
            "version": "v0.8.6",
            "source": {
                "type": "git",
                "url": "https://github.com/studer-raimann/LibrariesNamespaceChanger.git",
                "reference": "3cded4dd32c9ee09eeb782d84266fcf8ad01b4b1"
            },
            "dist": {
                "type": "zip",
                "url": "https://api.github.com/repos/studer-raimann/LibrariesNamespaceChanger/zipball/3cded4dd32c9ee09eeb782d84266fcf8ad01b4b1",
                "reference": "3cded4dd32c9ee09eeb782d84266fcf8ad01b4b1",
                "shasum": ""
            },
            "require": {
                "php": ">=7.0"
            },
            "type": "library",
            "autoload": {
                "psr-4": {
                    "srag\\LibrariesNamespaceChanger\\": "src/"
                }
            },
            "notification-url": "https://packagist.org/downloads/",
            "license": [
                "GPL-3.0-only"
            ],
            "authors": [
                {
                    "name": "studer + raimann ag - Team Custom 1",
                    "email": "support-custom1@studer-raimann.ch",
                    "homepage": "https://studer-raimann.ch",
                    "role": "Developer"
                }
            ],
            "description": "Change namespace of libraries to plugin namespace",
            "homepage": "https://github.com/studer-raimann/LibrariesNamespaceChanger",
            "keywords": [
                "ILIAS",
                "libraries"
            ],
            "time": "2020-03-19T13:25:19+00:00"
        },
        {
            "name": "srag/notifications4plugin",
            "version": "v5.5.1",
            "source": {
                "type": "git",
                "url": "https://github.com/studer-raimann/Notifications4Plugin.git",
                "reference": "7dc575578e7922922360fb014cdede6f68d3adad"
            },
            "dist": {
                "type": "zip",
                "url": "https://api.github.com/repos/studer-raimann/Notifications4Plugin/zipball/7dc575578e7922922360fb014cdede6f68d3adad",
                "reference": "7dc575578e7922922360fb014cdede6f68d3adad",
                "shasum": ""
            },
            "require": {
                "php": ">=7.2",
                "srag/custominputguis": ">=0.1.0",
                "srag/datatable": ">=0.1.0",
                "srag/dic": ">=0.1.0",
                "twig/twig": "1.18.0"
            },
            "type": "library",
            "autoload": {
                "psr-4": {
                    "srag\\Notifications4Plugin\\HelpMe\\": "src/"
                }
            },
            "notification-url": "https://packagist.org/downloads/",
            "license": [
                "GPL-3.0-only"
            ],
            "authors": [
                {
                    "name": "studer + raimann ag - Team Custom 1",
                    "email": "support-custom1@studer-raimann.ch",
                    "homepage": "https://studer-raimann.ch",
                    "role": "Developer"
                }
            ],
            "description": "This library offers a quick and easy way to create and send notifications in any language. The notifications are usually configured in the config screen of Notifications4Plugin and can then be sent for instance as an email by other plugins dynamic",
            "homepage": "https://github.com/studer-raimann/Notifications4Plugin",
            "keywords": [
                "ILIAS",
                "notifications"
            ],
            "time": "2020-05-18T10:30:32+00:00"
        },
        {
            "name": "srag/removeplugindataconfirm",
            "version": "v0.6.3",
            "source": {
                "type": "git",
                "url": "https://github.com/studer-raimann/RemovePluginDataConfirm.git",
                "reference": "d3faed97ec4e5d9a20bf2c8a80cc395997caf591"
            },
            "dist": {
                "type": "zip",
                "url": "https://api.github.com/repos/studer-raimann/RemovePluginDataConfirm/zipball/d3faed97ec4e5d9a20bf2c8a80cc395997caf591",
                "reference": "d3faed97ec4e5d9a20bf2c8a80cc395997caf591",
                "shasum": ""
            },
            "require": {
                "php": ">=7.0",
                "srag/dic": ">=0.1.0"
            },
            "type": "library",
            "autoload": {
                "psr-4": {
                    "srag\\RemovePluginDataConfirm\\HelpMe\\": "src/"
                }
            },
            "notification-url": "https://packagist.org/downloads/",
            "license": [
                "GPL-3.0-only"
            ],
            "authors": [
                {
                    "name": "studer + raimann ag - Team Custom 1",
                    "email": "support-custom1@studer-raimann.ch",
                    "homepage": "https://studer-raimann.ch",
                    "role": "Developer"
                }
            ],
            "description": "Demand if plugin data should be removed on uninstall",
            "homepage": "https://github.com/studer-raimann/RemovePluginDataConfirm",
            "keywords": [
                "ILIAS",
                "confirm",
                "data",
                "plugin",
                "uninstall"
            ],
            "time": "2020-01-21T08:23:18+00:00"
        },
        {
            "name": "srag/requireddata",
            "version": "v0.13.2",
            "source": {
                "type": "git",
                "url": "https://github.com/studer-raimann/RequiredData.git",
                "reference": "70b51f552b02474be7cfa6a8649363b2fb237d11"
            },
            "dist": {
                "type": "zip",
                "url": "https://api.github.com/repos/studer-raimann/RequiredData/zipball/70b51f552b02474be7cfa6a8649363b2fb237d11",
                "reference": "70b51f552b02474be7cfa6a8649363b2fb237d11",
                "shasum": ""
            },
            "require": {
                "php": ">=7.2",
                "srag/custominputguis": ">=0.1.0",
                "srag/datatable": ">=0.1.0",
                "srag/dic": ">=0.1.0"
            },
            "type": "library",
            "autoload": {
                "psr-4": {
                    "srag\\RequiredData\\": "src/"
                }
            },
            "notification-url": "https://packagist.org/downloads/",
            "license": [
                "GPL-3.0-only"
            ],
            "authors": [
                {
                    "name": "studer + raimann ag - Team Custom 1",
                    "email": "support-custom1@studer-raimann.ch",
                    "homepage": "https://studer-raimann.ch",
                    "role": "Developer"
                }
            ],
            "homepage": "https://github.com/studer-raimann/RequiredData",
            "keywords": [
                "ILIAS",
                "data",
                "field",
                "required"
            ],
            "time": "2020-05-26T07:24:06+00:00"
        },
        {
            "name": "twig/twig",
            "version": "v1.18.0",
            "source": {
                "type": "git",
                "url": "https://github.com/twigphp/Twig.git",
                "reference": "4cf7464348e7f9893a93f7096a90b73722be99cf"
            },
            "dist": {
                "type": "zip",
                "url": "https://api.github.com/repos/twigphp/Twig/zipball/4cf7464348e7f9893a93f7096a90b73722be99cf",
                "reference": "4cf7464348e7f9893a93f7096a90b73722be99cf",
                "shasum": ""
            },
            "require": {
                "php": ">=5.2.4"
            },
            "type": "library",
            "extra": {
                "branch-alias": {
                    "dev-master": "1.18-dev"
                }
            },
            "autoload": {
                "psr-0": {
                    "Twig_": "lib/"
                }
            },
            "notification-url": "https://packagist.org/downloads/",
            "license": [
                "BSD-3-Clause"
            ],
            "authors": [
                {
                    "name": "Fabien Potencier",
                    "email": "fabien@symfony.com",
                    "homepage": "http://fabien.potencier.org",
                    "role": "Lead Developer"
                },
                {
                    "name": "Armin Ronacher",
                    "email": "armin.ronacher@active-4.com",
                    "role": "Project Founder"
                },
                {
                    "name": "Twig Team",
                    "homepage": "http://twig.sensiolabs.org/contributors",
                    "role": "Contributors"
                }
            ],
            "description": "Twig, the flexible, fast, and secure template language for PHP",
            "homepage": "http://twig.sensiolabs.org",
            "keywords": [
                "templating"
            ],
            "time": "2015-01-25T17:32:08+00:00"
        }
    ],
    "packages-dev": [],
    "aliases": [],
    "minimum-stability": "stable",
    "stability-flags": [],
    "prefer-stable": false,
    "prefer-lowest": false,
    "platform": {
        "php": ">=7.2"
    },
    "platform-dev": []
}
