{
    "_readme": [
        "This file locks the dependencies of your project to a known state",
        "Read more about it at https://getcomposer.org/doc/01-basic-usage.md#composer-lock-the-lock-file",
        "This file is @generated automatically"
    ],
    "content-hash": "216bc2306822b1a491f03306f70d2487",
    "packages": [
        {
            "name": "sinergi/browser-detector",
            "version": "6.1.2",
            "source": {
                "type": "git",
                "url": "https://github.com/sinergi/php-browser-detector.git",
                "reference": "e1bee473663bb82e5ff58a3a2c0bf81c8671de5a"
            },
            "dist": {
                "type": "zip",
                "url": "https://api.github.com/repos/sinergi/php-browser-detector/zipball/e1bee473663bb82e5ff58a3a2c0bf81c8671de5a",
                "reference": "e1bee473663bb82e5ff58a3a2c0bf81c8671de5a",
                "shasum": ""
            },
            "require": {
                "php": "^5.3.3 || ^7.0"
            },
            "require-dev": {
                "phpunit/phpunit": "^4.8 || ^5.0"
            },
            "type": "library",
            "autoload": {
                "psr-4": {
                    "Sinergi\\BrowserDetector\\": "src"
                }
            },
            "notification-url": "https://packagist.org/downloads/",
            "license": [
                "MIT"
            ],
            "authors": [
                {
                    "name": "Chris Schuld"
                },
                {
                    "name": "Gabriel Bull",
                    "email": "me@gabrielbull.com"
                }
            ],
            "description": "Detecting the user's browser, operating system and language.",
            "keywords": [
                "browser",
                "detection",
                "language",
                "operating system",
                "os"
            ],
            "time": "2016-12-28T16:31:30+00:00"
        },
        {
            "name": "srag/activerecordconfig",
            "version": "0.5.3",
            "source": {
                "type": "git",
                "url": "https://github.com/studer-raimann/ActiveRecordConfig.git",
                "reference": "b2d4a4bed0e6a73bcb58a0aebaa1952b71526d2b"
            },
            "dist": {
                "type": "zip",
                "url": "https://api.github.com/repos/studer-raimann/ActiveRecordConfig/zipball/b2d4a4bed0e6a73bcb58a0aebaa1952b71526d2b",
                "reference": "b2d4a4bed0e6a73bcb58a0aebaa1952b71526d2b",
                "shasum": ""
            },
            "require": {
                "php": "^5.6 || ^7.0",
                "srag/dic": "^0.3.0"
            },
            "type": "library",
            "autoload": {
                "psr-4": {
                    "srag\\ActiveRecordConfig\\": "src/"
                }
            },
            "notification-url": "https://packagist.org/downloads/",
            "license": [
                "GPL-3.0-only"
            ],
            "authors": [
                {
                    "name": "srag",
                    "email": "support-custom1@studer-raimann.ch",
                    "homepage": "https://studer-raimann.ch",
                    "role": "Developer"
                }
            ],
            "description": "Simple ActiveRecord config for ILIAS plugins",
            "homepage": "https://github.com/studer-raimann/ActiveRecordConfig",
            "keywords": [
                "ILIAS",
                "activerecord",
                "config"
            ],
            "time": "2018-08-28T09:00:20+00:00"
        },
        {
            "name": "srag/dic",
            "version": "0.3.0",
            "source": {
                "type": "git",
                "url": "https://github.com/studer-raimann/DIC.git",
                "reference": "01a7b20792fc6c49ed60aabda8027548b7aabb02"
            },
            "dist": {
                "type": "zip",
                "url": "https://api.github.com/repos/studer-raimann/DIC/zipball/01a7b20792fc6c49ed60aabda8027548b7aabb02",
                "reference": "01a7b20792fc6c49ed60aabda8027548b7aabb02",
                "shasum": ""
            },
            "require": {
                "php": "^5.6 || ^7.0"
            },
            "type": "library",
            "autoload": {
                "psr-4": {
                    "srag\\DIC\\": "src/"
                }
            },
            "notification-url": "https://packagist.org/downloads/",
            "license": [
                "GPL-3.0-only"
            ],
            "authors": [
                {
                    "name": "srag",
                    "email": "support-custom1@studer-raimann.ch",
                    "homepage": "https://studer-raimann.ch",
                    "role": "Developer"
                }
            ],
            "description": "Use all ILIAS globals in your class",
            "homepage": "https://github.com/studer-raimann/DIC",
            "keywords": [
                "ILIAS",
                "dic",
                "globals",
                "trait"
            ],
            "time": "2018-08-28T08:56:11+00:00"
        },
        {
            "name": "srag/jiracurl",
            "version": "0.1.6",
            "source": {
                "type": "git",
                "url": "https://github.com/studer-raimann/JiraCurl.git",
                "reference": "aa50e3e5de4e473cb1b179521a613d1b7a57f8c8"
            },
            "dist": {
                "type": "zip",
                "url": "https://api.github.com/repos/studer-raimann/JiraCurl/zipball/aa50e3e5de4e473cb1b179521a613d1b7a57f8c8",
                "reference": "aa50e3e5de4e473cb1b179521a613d1b7a57f8c8",
                "shasum": ""
            },
            "require": {
                "php": "^5.6 || ^7.0",
                "srag/dic": "^0.3.0"
            },
            "type": "library",
            "autoload": {
                "psr-4": {
                    "srag\\JiraCurl\\": "src/"
                }
            },
            "notification-url": "https://packagist.org/downloads/",
            "license": [
                "GPL-3.0-only"
            ],
            "authors": [
                {
                    "name": "srag",
                    "email": "support-custom1@studer-raimann.ch",
                    "homepage": "https://studer-raimann.ch",
                    "role": "Developer"
                }
            ],
            "description": "Connect to Jira via Curl",
            "homepage": "https://github.com/studer-raimann/JiraCurl",
            "keywords": [
                "ILIAS",
                "curl",
                "jira"
            ],
            "time": "2018-08-28T09:17:30+00:00"
        }
    ],
    "packages-dev": [],
    "aliases": [],
    "minimum-stability": "stable",
    "stability-flags": [],
    "prefer-stable": false,
    "prefer-lowest": false,
    "platform": {
        "php": "^7.0"
    },
    "platform-dev": []
}
