{
    "_readme": [
        "This file locks the dependencies of your project to a known state",
        "Read more about it at https://getcomposer.org/doc/01-basic-usage.md#installing-dependencies",
        "This file is @generated automatically"
    ],
    "content-hash": "64f6cb0a75a85797460aafc6dd3226c4",
    "packages": [
        {
            "name": "srag/activerecordconfig",
            "version": "0.20.1",
            "source": {
                "type": "git",
                "url": "https://github.com/studer-raimann/ActiveRecordConfig.git",
                "reference": "85b61d8cd79f2b61edb9d49840fcbc1a14bfa430"
            },
            "dist": {
                "type": "zip",
                "url": "https://api.github.com/repos/studer-raimann/ActiveRecordConfig/zipball/85b61d8cd79f2b61edb9d49840fcbc1a14bfa430",
                "reference": "85b61d8cd79f2b61edb9d49840fcbc1a14bfa430",
                "shasum": ""
            },
            "require": {
                "php": ">=7.0",
                "srag/custominputguis": ">=0.1.0",
                "srag/dic": ">=0.1.0"
            },
            "require-dev": {
                "srag/generateplugininfoshelper": ">=0.1.0"
            },
            "type": "library",
            "extra": {
                "ilias_plugin": {
                    "ilias_min_version": "5.4.0",
                    "ilias_max_version": "6.999"
                },
                "generate_plugin_readme_template": "SRAG_ILIAS_LIBRARY"
            },
            "autoload": {
                "psr-4": {
                    "srag\\ActiveRecordConfig\\": "src/"
                }
            },
            "notification-url": "https://packagist.org/downloads/",
            "license": [
                "GPL-3.0-only"
            ],
            "authors": [
                {
                    "name": "studer + raimann ag - Team Custom 1",
                    "email": "support-custom1@studer-raimann.ch",
                    "homepage": "https://studer-raimann.ch",
                    "role": "Developer"
                }
            ],
            "description": "Simple ActiveRecord config for ILIAS plugins",
            "homepage": "https://github.com/studer-raimann/ActiveRecordConfig",
            "keywords": [
                "ILIAS",
                "activerecord",
                "config"
            ],
            "time": "2020-11-09T13:32:38+00:00"
        },
        {
            "name": "srag/custominputguis",
            "version": "0.41.1",
            "source": {
                "type": "git",
                "url": "https://github.com/studer-raimann/CustomInputGUIs.git",
                "reference": "1a759b643386eb58c521be7f8395f659580c656c"
            },
            "dist": {
                "type": "zip",
                "url": "https://api.github.com/repos/studer-raimann/CustomInputGUIs/zipball/1a759b643386eb58c521be7f8395f659580c656c",
                "reference": "1a759b643386eb58c521be7f8395f659580c656c",
                "shasum": ""
            },
            "require": {
                "php": ">=7.0",
                "srag/dic": ">=0.1.0"
            },
            "require-dev": {
                "srag/generateplugininfoshelper": ">=0.1.0"
            },
            "type": "library",
            "extra": {
                "ilias_plugin": {
                    "ilias_min_version": "5.4.0",
                    "ilias_max_version": "6.999"
                },
                "generate_plugin_readme_template": "SRAG_ILIAS_LIBRARY"
            },
            "autoload": {
                "psr-4": {
                    "srag\\CustomInputGUIs\\": "src/"
                }
            },
            "notification-url": "https://packagist.org/downloads/",
            "license": [
                "GPL-3.0-only"
            ],
            "authors": [
                {
                    "name": "studer + raimann ag - Team Custom 1",
                    "email": "support-custom1@studer-raimann.ch",
                    "homepage": "https://studer-raimann.ch",
                    "role": "Developer"
                }
            ],
            "description": "Custom Input-GUI's",
            "homepage": "https://github.com/studer-raimann/CustomInputGUIs",
            "keywords": [
                "ILIAS",
                "PropertyForm",
                "gui",
                "input",
                "table"
            ],
            "time": "2020-11-09T13:32:13+00:00"
        },
        {
            "name": "srag/datatable",
            "version": "0.30.1",
            "source": {
                "type": "git",
                "url": "https://github.com/studer-raimann/DataTableUI.git",
                "reference": "d3819ccd37d1db303f314a98f63806ca8016a696"
            },
            "dist": {
                "type": "zip",
                "url": "https://api.github.com/repos/studer-raimann/DataTableUI/zipball/d3819ccd37d1db303f314a98f63806ca8016a696",
                "reference": "d3819ccd37d1db303f314a98f63806ca8016a696",
                "shasum": ""
            },
            "require": {
                "php": ">=7.2",
                "srag/custominputguis": ">=0.1.0",
                "srag/dic": ">=0.1.0",
                "srag/librarylanguageinstaller": ">=0.1.0"
            },
            "require-dev": {
                "srag/generateplugininfoshelper": ">=0.1.0"
            },
            "type": "library",
            "extra": {
                "ilias_plugin": {
                    "ilias_min_version": "5.4.0",
                    "ilias_max_version": "6.999"
                },
                "generate_plugin_readme_template": "SRAG_ILIAS_LIBRARY"
            },
            "autoload": {
                "psr-4": {
                    "srag\\DataTableUI\\": "src/"
                }
            },
            "notification-url": "https://packagist.org/downloads/",
            "license": [
                "GPL-3.0-only"
            ],
            "authors": [
                {
                    "name": "studer + raimann ag - Team Custom 1",
                    "email": "support-custom1@studer-raimann.ch",
                    "homepage": "https://studer-raimann.ch",
                    "role": "Developer"
                }
            ],
            "description": "ILIAS Data Table UI Component",
            "homepage": "https://github.com/studer-raimann/DataTableUI",
            "keywords": [
                "ILIAS",
                "table",
                "ui"
            ],
            "time": "2020-11-09T13:31:26+00:00"
        },
        {
            "name": "srag/devtools",
            "version": "1.2.1",
            "source": {
                "type": "git",
                "url": "https://github.com/studer-raimann/DevTools.git",
                "reference": "8d64a661b2e4d7ffa49936da3c323f7786ea3b4a"
            },
            "dist": {
                "type": "zip",
                "url": "https://api.github.com/repos/studer-raimann/DevTools/zipball/8d64a661b2e4d7ffa49936da3c323f7786ea3b4a",
                "reference": "8d64a661b2e4d7ffa49936da3c323f7786ea3b4a",
                "shasum": ""
            },
            "require": {
                "php": ">=7.0",
                "srag/dic": ">=0.1.0",
                "srag/librarylanguageinstaller": ">=0.1.0"
            },
            "require-dev": {
                "srag/generateplugininfoshelper": ">=0.1.0"
            },
            "type": "library",
            "extra": {
                "ilias_plugin": {
                    "ilias_min_version": "5.4.0",
                    "ilias_max_version": "6.999"
                },
                "generate_plugin_readme_template": "SRAG_ILIAS_LIBRARY"
            },
            "autoload": {
                "psr-4": {
                    "srag\\DevTools\\": "src/"
                }
            },
            "notification-url": "https://packagist.org/downloads/",
            "license": [
                "GPL-3.0-only"
            ],
            "authors": [
                {
                    "name": "studer + raimann ag - Team Custom 1",
                    "email": "support-custom1@studer-raimann.ch",
                    "homepage": "https://studer-raimann.ch",
                    "role": "Developer"
                }
            ],
            "description": "Add some dev tools to ILIAS plugin config, if core dev mode is enabled, like reload ctrl structure",
            "homepage": "https://github.com/studer-raimann/DevTools",
            "keywords": [
                "ILIAS",
                "dev",
                "plugin",
                "tools"
            ],
            "time": "2020-11-09T13:30:56+00:00"
        },
        {
            "name": "srag/dic",
            "version": "0.30.1",
            "source": {
                "type": "git",
                "url": "https://github.com/studer-raimann/DIC.git",
                "reference": "ddb882447bc750bfb8c10052efae702d07400d68"
            },
            "dist": {
                "type": "zip",
                "url": "https://api.github.com/repos/studer-raimann/DIC/zipball/ddb882447bc750bfb8c10052efae702d07400d68",
                "reference": "ddb882447bc750bfb8c10052efae702d07400d68",
                "shasum": ""
            },
            "require": {
                "php": ">=7.0"
            },
            "require-dev": {
                "srag/generateplugininfoshelper": ">=0.1.0"
            },
            "type": "library",
            "extra": {
                "ilias_plugin": {
                    "ilias_min_version": "5.4.0",
                    "ilias_max_version": "6.999"
                },
                "generate_plugin_readme_template": "SRAG_ILIAS_LIBRARY"
            },
            "autoload": {
                "psr-4": {
                    "srag\\DIC\\": "src/"
                }
            },
            "notification-url": "https://packagist.org/downloads/",
            "license": [
                "GPL-3.0-only"
            ],
            "authors": [
                {
                    "name": "studer + raimann ag - Team Custom 1",
                    "email": "support-custom1@studer-raimann.ch",
                    "homepage": "https://studer-raimann.ch",
                    "role": "Developer"
                }
            ],
            "description": "Use all ILIAS globals in your class",
            "homepage": "https://github.com/studer-raimann/DIC",
            "keywords": [
                "ILIAS",
                "dic",
                "globals",
                "trait"
            ],
            "time": "2020-11-09T13:30:15+00:00"
        },
        {
            "name": "srag/generateplugininfoshelper",
            "version": "2.3.2",
            "source": {
                "type": "git",
                "url": "https://github.com/studer-raimann/GeneratePluginInfosHelper.git",
                "reference": "5de665d2803355843ffb44d8c66d96b049ec1edd"
            },
            "dist": {
                "type": "zip",
                "url": "https://api.github.com/repos/studer-raimann/GeneratePluginInfosHelper/zipball/5de665d2803355843ffb44d8c66d96b049ec1edd",
                "reference": "5de665d2803355843ffb44d8c66d96b049ec1edd",
                "shasum": ""
            },
            "require": {
                "php": ">=7.0"
            },
            "type": "library",
            "extra": {
                "generate_plugin_readme_template": "SRAG_LIBRARY"
            },
            "autoload": {
                "psr-4": {
                    "srag\\GeneratePluginInfosHelper\\": "src/"
                }
            },
            "notification-url": "https://packagist.org/downloads/",
            "license": [
                "GPL-3.0-only"
            ],
            "authors": [
                {
                    "name": "studer + raimann ag - Team Custom 1",
                    "email": "support-custom1@studer-raimann.ch",
                    "homepage": "https://studer-raimann.ch",
                    "role": "Developer"
                }
            ],
            "description": "Generate plugin infos helper",
            "homepage": "https://github.com/studer-raimann/GeneratePluginInfosHelper",
            "keywords": [
                "Infos",
                "generate",
                "helper",
                "plugin"
            ],
            "time": "2020-11-09T13:17:14+00:00"
        },
        {
            "name": "srag/jiracurl",
            "version": "0.11.1",
            "source": {
                "type": "git",
                "url": "https://github.com/studer-raimann/JiraCurl.git",
                "reference": "f9e7a080b9b336df62b1c41e6500f7f6478504f4"
            },
            "dist": {
                "type": "zip",
                "url": "https://api.github.com/repos/studer-raimann/JiraCurl/zipball/f9e7a080b9b336df62b1c41e6500f7f6478504f4",
                "reference": "f9e7a080b9b336df62b1c41e6500f7f6478504f4",
                "shasum": ""
            },
            "require": {
                "php": ">=7.2",
                "srag/dic": ">=0.1.0"
            },
            "require-dev": {
                "srag/generateplugininfoshelper": ">=0.1.0"
            },
            "type": "library",
            "extra": {
                "ilias_plugin": {
                    "ilias_min_version": "5.4.0",
                    "ilias_max_version": "6.999"
                },
                "generate_plugin_readme_template": "SRAG_ILIAS_LIBRARY"
            },
            "autoload": {
                "psr-4": {
                    "srag\\JiraCurl\\": "src/"
                }
            },
            "notification-url": "https://packagist.org/downloads/",
            "license": [
                "GPL-3.0-only"
            ],
            "authors": [
                {
                    "name": "studer + raimann ag - Team Custom 1",
                    "email": "support-custom1@studer-raimann.ch",
                    "homepage": "https://studer-raimann.ch",
                    "role": "Developer"
                }
            ],
            "description": "Connect to Jira via Curl",
            "homepage": "https://github.com/studer-raimann/JiraCurl",
            "keywords": [
                "ILIAS",
                "curl",
                "jira"
            ],
            "time": "2020-11-09T13:30:34+00:00"
        },
        {
            "name": "srag/librariesnamespacechanger",
            "version": "0.14.1",
            "source": {
                "type": "git",
                "url": "https://github.com/studer-raimann/LibrariesNamespaceChanger.git",
                "reference": "814a2542d5d5c1a66a44b5eb73b07dec64f71dd8"
            },
            "dist": {
                "type": "zip",
                "url": "https://api.github.com/repos/studer-raimann/LibrariesNamespaceChanger/zipball/814a2542d5d5c1a66a44b5eb73b07dec64f71dd8",
                "reference": "814a2542d5d5c1a66a44b5eb73b07dec64f71dd8",
                "shasum": ""
            },
            "require": {
                "php": ">=7.0"
            },
            "require-dev": {
                "srag/generateplugininfoshelper": ">=0.1.0"
            },
            "type": "library",
            "extra": {
                "generate_plugin_readme_template": "SRAG_LIBRARY"
            },
            "autoload": {
                "psr-4": {
                    "srag\\LibrariesNamespaceChanger\\": "src/"
                }
            },
            "notification-url": "https://packagist.org/downloads/",
            "license": [
                "GPL-3.0-only"
            ],
            "authors": [
                {
                    "name": "studer + raimann ag - Team Custom 1",
                    "email": "support-custom1@studer-raimann.ch",
                    "homepage": "https://studer-raimann.ch",
                    "role": "Developer"
                }
            ],
            "description": "Change namespace of libraries to plugin namespace",
            "homepage": "https://github.com/studer-raimann/LibrariesNamespaceChanger",
            "keywords": [
                "changer",
                "libraries",
                "namespace"
            ],
            "time": "2020-11-09T13:34:04+00:00"
        },
        {
            "name": "srag/librarylanguageinstaller",
            "version": "1.1.1",
            "source": {
                "type": "git",
                "url": "https://github.com/studer-raimann/LibraryLanguageInstaller.git",
                "reference": "4544af88056845ba4fe7b16af24319c95ffe0ccf"
            },
            "dist": {
                "type": "zip",
                "url": "https://api.github.com/repos/studer-raimann/LibraryLanguageInstaller/zipball/4544af88056845ba4fe7b16af24319c95ffe0ccf",
                "reference": "4544af88056845ba4fe7b16af24319c95ffe0ccf",
                "shasum": ""
            },
            "require": {
                "php": ">=7.0",
                "srag/dic": ">=0.1.0"
            },
            "require-dev": {
                "srag/generateplugininfoshelper": ">=0.1.0"
            },
            "type": "library",
            "extra": {
                "ilias_plugin": {
                    "ilias_min_version": "5.4.0",
                    "ilias_max_version": "6.999"
                },
                "generate_plugin_readme_template": "SRAG_ILIAS_LIBRARY"
            },
            "autoload": {
                "psr-4": {
                    "srag\\LibraryLanguageInstaller\\": "src/"
                }
            },
            "notification-url": "https://packagist.org/downloads/",
            "license": [
                "GPL-3.0-only"
            ],
            "authors": [
                {
                    "name": "studer + raimann ag - Team Custom 1",
                    "email": "support-custom1@studer-raimann.ch",
                    "homepage": "https://studer-raimann.ch",
                    "role": "Developer"
                }
            ],
            "description": "Install additional and external lang files for a plugin",
            "homepage": "https://github.com/studer-raimann/LibraryLanguageInstaller",
            "keywords": [
                "ILIAS",
                "installer",
                "language",
                "library"
            ],
            "time": "2020-11-09T13:33:58+00:00"
        },
        {
            "name": "srag/notifications4plugin",
            "version": "5.6.1",
            "source": {
                "type": "git",
                "url": "https://github.com/studer-raimann/Notifications4Plugin.git",
                "reference": "74e51a6054716316948dd3a1037c8163c4f55432"
            },
            "dist": {
                "type": "zip",
                "url": "https://api.github.com/repos/studer-raimann/Notifications4Plugin/zipball/74e51a6054716316948dd3a1037c8163c4f55432",
                "reference": "74e51a6054716316948dd3a1037c8163c4f55432",
                "shasum": ""
            },
            "require": {
                "php": ">=7.2",
                "srag/custominputguis": ">=0.1.0",
                "srag/datatable": ">=0.1.0",
                "srag/dic": ">=0.1.0",
                "srag/librarylanguageinstaller": ">=0.1.0",
                "twig/twig": "1.18.0"
            },
            "require-dev": {
                "srag/generateplugininfoshelper": ">=0.1.0"
            },
            "type": "library",
            "extra": {
                "ilias_plugin": {
                    "ilias_min_version": "5.4.0",
                    "ilias_max_version": "6.999"
                },
                "generate_plugin_readme_template": "SRAG_ILIAS_LIBRARY"
            },
            "autoload": {
                "psr-4": {
                    "srag\\Notifications4Plugin\\": "src/"
                }
            },
            "notification-url": "https://packagist.org/downloads/",
            "license": [
                "GPL-3.0-only"
            ],
            "authors": [
                {
                    "name": "studer + raimann ag - Team Custom 1",
                    "email": "support-custom1@studer-raimann.ch",
                    "homepage": "https://studer-raimann.ch",
                    "role": "Developer"
                }
            ],
            "description": "This library offers a quick and easy way to create and send notifications in any language. The notifications are usually configured in the config screen of Notifications4Plugin and can then be sent for instance as an email by other plugins dynamic",
            "homepage": "https://github.com/studer-raimann/Notifications4Plugin",
            "keywords": [
                "ILIAS",
                "notifications"
            ],
            "time": "2020-11-09T13:33:22+00:00"
        },
        {
            "name": "srag/removeplugindataconfirm",
            "version": "0.7.1",
            "source": {
                "type": "git",
                "url": "https://github.com/studer-raimann/RemovePluginDataConfirm.git",
                "reference": "aed1fcad36e77d5108d8ca4c13ae0ccf3e08bcb7"
            },
            "dist": {
                "type": "zip",
                "url": "https://api.github.com/repos/studer-raimann/RemovePluginDataConfirm/zipball/aed1fcad36e77d5108d8ca4c13ae0ccf3e08bcb7",
                "reference": "aed1fcad36e77d5108d8ca4c13ae0ccf3e08bcb7",
                "shasum": ""
            },
            "require": {
                "php": ">=7.0",
                "srag/dic": ">=0.1.0",
                "srag/librarylanguageinstaller": ">=0.1.0"
            },
            "require-dev": {
                "srag/generateplugininfoshelper": ">=0.1.0"
            },
            "type": "library",
            "extra": {
                "ilias_plugin": {
                    "ilias_min_version": "5.4.0",
                    "ilias_max_version": "6.999"
                },
                "generate_plugin_readme_template": "SRAG_ILIAS_LIBRARY"
            },
            "autoload": {
                "psr-4": {
                    "srag\\RemovePluginDataConfirm\\": "src/"
                }
            },
            "notification-url": "https://packagist.org/downloads/",
            "license": [
                "GPL-3.0-only"
            ],
            "authors": [
                {
                    "name": "studer + raimann ag - Team Custom 1",
                    "email": "support-custom1@studer-raimann.ch",
                    "homepage": "https://studer-raimann.ch",
                    "role": "Developer"
                }
            ],
            "description": "Demand if plugin data should be removed on uninstall",
            "homepage": "https://github.com/studer-raimann/RemovePluginDataConfirm",
            "keywords": [
                "ILIAS",
                "confirm",
                "data",
                "plugin",
                "uninstall"
            ],
            "time": "2020-11-09T13:33:49+00:00"
        },
        {
            "name": "srag/requireddata",
            "version": "0.14.1",
            "source": {
                "type": "git",
                "url": "https://github.com/studer-raimann/RequiredData.git",
                "reference": "75cc579b3013fb2438cb68e282fc8ef882202d11"
            },
            "dist": {
                "type": "zip",
                "url": "https://api.github.com/repos/studer-raimann/RequiredData/zipball/75cc579b3013fb2438cb68e282fc8ef882202d11",
                "reference": "75cc579b3013fb2438cb68e282fc8ef882202d11",
                "shasum": ""
            },
            "require": {
                "php": ">=7.2",
                "srag/custominputguis": ">=0.1.0",
                "srag/datatable": ">=0.1.0",
                "srag/dic": ">=0.1.0",
                "srag/librarylanguageinstaller": ">=0.1.0"
            },
            "require-dev": {
                "srag/generateplugininfoshelper": ">=0.1.0"
            },
            "type": "library",
            "extra": {
                "ilias_plugin": {
                    "ilias_min_version": "5.4.0",
                    "ilias_max_version": "6.999"
                },
                "generate_plugin_readme_template": "SRAG_ILIAS_LIBRARY"
            },
            "autoload": {
                "psr-4": {
                    "srag\\RequiredData\\": "src/"
                }
            },
            "notification-url": "https://packagist.org/downloads/",
            "license": [
                "GPL-3.0-only"
            ],
            "authors": [
                {
                    "name": "studer + raimann ag - Team Custom 1",
                    "email": "support-custom1@studer-raimann.ch",
                    "homepage": "https://studer-raimann.ch",
                    "role": "Developer"
                }
            ],
            "description": "Config and fill required data",
            "homepage": "https://github.com/studer-raimann/RequiredData",
            "keywords": [
                "ILIAS",
                "data",
                "field",
                "required"
            ],
            "time": "2020-11-09T13:31:53+00:00"
        },
        {
            "name": "twig/twig",
            "version": "v1.18.0",
            "source": {
                "type": "git",
                "url": "https://github.com/twigphp/Twig.git",
                "reference": "4cf7464348e7f9893a93f7096a90b73722be99cf"
            },
            "dist": {
                "type": "zip",
                "url": "https://api.github.com/repos/twigphp/Twig/zipball/4cf7464348e7f9893a93f7096a90b73722be99cf",
                "reference": "4cf7464348e7f9893a93f7096a90b73722be99cf",
                "shasum": ""
            },
            "require": {
                "php": ">=5.2.4"
            },
            "type": "library",
            "extra": {
                "branch-alias": {
                    "dev-master": "1.18-dev"
                }
            },
            "autoload": {
                "psr-0": {
                    "Twig_": "lib/"
                }
            },
            "notification-url": "https://packagist.org/downloads/",
            "license": [
                "BSD-3-Clause"
            ],
            "authors": [
                {
                    "name": "Fabien Potencier",
                    "email": "fabien@symfony.com",
                    "homepage": "http://fabien.potencier.org",
                    "role": "Lead Developer"
                },
                {
                    "name": "Armin Ronacher",
                    "email": "armin.ronacher@active-4.com",
                    "role": "Project Founder"
                },
                {
                    "name": "Twig Team",
                    "homepage": "http://twig.sensiolabs.org/contributors",
                    "role": "Contributors"
                }
            ],
            "description": "Twig, the flexible, fast, and secure template language for PHP",
            "homepage": "http://twig.sensiolabs.org",
            "keywords": [
                "templating"
            ],
            "time": "2015-01-25T17:32:08+00:00"
        }
    ],
    "packages-dev": [],
    "aliases": [],
    "minimum-stability": "stable",
    "stability-flags": [],
    "prefer-stable": false,
    "prefer-lowest": false,
    "platform": {
        "php": ">=7.2"
    },
    "platform-dev": [],
    "plugin-api-version": "1.1.0"
}
